
Microsoft Visual Studio Solution File, Format Version 12.00
# Visual Studio Version 16
VisualStudioVersion = 16.0.29424.173
MinimumVisualStudioVersion = 10.0.40219.1
Project("{FAE04EC0-301F-11D3-BF4B-00C04F79EFBC}") = "music player app", "music player app.csproj", "{174739DE-0B6F-4062-BC6B-AFAE581B39F0}"
EndProject
Global
	GlobalSection(SolutionConfigurationPlatforms) = preSolution
		Debug|Any CPU = Debug|Any CPU
		Release|Any CPU = Release|Any CPU
	EndGlobalSection
	GlobalSection(ProjectConfigurationPlatforms) = postSolution
		{174739DE-0B6F-4062-BC6B-AFAE581B39F0}.Debug|Any CPU.ActiveCfg = Debug|Any CPU
		{174739DE-0B6F-4062-BC6B-AFAE581B39F0}.Debug|Any CPU.Build.0 = Debug|Any CPU
		{174739DE-0B6F-4062-BC6B-AFAE581B39F0}.Release|Any CPU.ActiveCfg = Release|Any CPU
		{174739DE-0B6F-4062-BC6B-AFAE581B39F0}.Release|Any CPU.Build.0 = Release|Any CPU
	EndGlobalSection
	GlobalSection(SolutionProperties) = preSolution
		HideSolutionNode = FALSE
	EndGlobalSection
	GlobalSection(ExtensibilityGlobals) = postSolution
		SolutionGuid = {44644575-6BED-4E29-99D0-B62A0D6C4A22}
	EndGlobalSection
EndGlobal
